<?xml version="1.0" encoding="utf-8"?>
<Project ToolsVersion="4.0" xmlns="http://schemas.microsoft.com/developer/msbuild/2003">
  <ItemGroup>
    <Filter Include="소스 파일">
      <UniqueIdentifier>{4FC737F1-C7A5-4376-A066-2A32D752A2FF}</UniqueIdentifier>
      <Extensions>cpp;c;cc;cxx;def;odl;idl;hpj;bat;asm;asmx</Extensions>
    </Filter>
    <Filter Include="헤더 파일">
      <UniqueIdentifier>{93995380-89BD-4b04-88EB-625FBE52EBFB}</UniqueIdentifier>
      <Extensions>h;hh;hpp;hxx;hm;inl;inc;xsd</Extensions>
    </Filter>
    <Filter Include="리소스 파일">
      <UniqueIdentifier>{67DA6AB6-F800-4c08-8B7A-83BB121AAD01}</UniqueIdentifier>
      <Extensions>rc;ico;cur;bmp;dlg;rc2;rct;bin;rgs;gif;jpg;jpeg;jpe;resx;tiff;tif;png;wav;mfcribbon-ms</Extensions>
    </Filter>
    <Filter Include="FrameWork">
      <UniqueIdentifier>{74c31de3-37b8-450a-9a8c-b9d381fc744c}</UniqueIdentifier>
    </Filter>
    <Filter Include="PlayGround">
      <UniqueIdentifier>{2a5f0360-6a5e-4aae-807e-a2c280d4db07}</UniqueIdentifier>
    </Filter>
    <Filter Include="FrameWork\Manager">
      <UniqueIdentifier>{edc9dc03-aa02-44e0-8bd4-566c5eafc271}</UniqueIdentifier>
    </Filter>
    <Filter Include="FrameWork\Timer">
      <UniqueIdentifier>{dd1f2f0a-812d-4737-9a56-780193a5e011}</UniqueIdentifier>
    </Filter>
    <Filter Include="FrameWork\UTIL">
      <UniqueIdentifier>{8ad02643-fa1e-470f-8f56-d51967cfc9ba}</UniqueIdentifier>
    </Filter>
    <Filter Include="FrameWork\Image">
      <UniqueIdentifier>{52916309-76fe-4451-b722-85fa2a962a87}</UniqueIdentifier>
    </Filter>
    <Filter Include="FrameWork\TxtData">
      <UniqueIdentifier>{73d39f8f-43c8-49c2-843f-3d86071e511e}</UniqueIdentifier>
    </Filter>
    <Filter Include="PlayGround\Database">
      <UniqueIdentifier>{bc609df2-6ffe-4f44-ae8b-d7886b105995}</UniqueIdentifier>
    </Filter>
    <Filter Include="PlayGround\Camera">
      <UniqueIdentifier>{b23a0aa5-9571-4bde-a3c1-4bdebff64c23}</UniqueIdentifier>
    </Filter>
    <Filter Include="PlayGround\Scene">
      <UniqueIdentifier>{4a03b6c0-61e4-462a-9047-1497fb1a8920}</UniqueIdentifier>
    </Filter>
    <Filter Include="FrameWork\GameNode">
      <UniqueIdentifier>{9d0bf69a-82cf-4bf0-8d78-1b1959bca0ac}</UniqueIdentifier>
    </Filter>
  </ItemGroup>
  <ItemGroup>
    <ClInclude Include="stdafx.h">
      <Filter>헤더 파일</Filter>
    </ClInclude>
    <ClInclude Include="targetver.h">
      <Filter>헤더 파일</Filter>
    </ClInclude>
    <ClInclude Include="Resource.h">
      <Filter>헤더 파일</Filter>
    </ClInclude>
    <ClInclude Include="TimeManager.h">
      <Filter>FrameWork\Manager</Filter>
    </ClInclude>
    <ClInclude Include="Timer.h">
      <Filter>FrameWork\Timer</Filter>
    </ClInclude>
    <ClInclude Include="collision.h">
      <Filter>FrameWork\UTIL</Filter>
    </ClInclude>
    <ClInclude Include="utils.h">
      <Filter>FrameWork\UTIL</Filter>
    </ClInclude>
    <ClInclude Include="KeyManager.h">
      <Filter>FrameWork\Manager</Filter>
    </ClInclude>
    <ClInclude Include="SceneManager.h">
      <Filter>FrameWork\Manager</Filter>
    </ClInclude>
    <ClInclude Include="Image.h">
      <Filter>FrameWork\Image</Filter>
    </ClInclude>
    <ClInclude Include="PlayGround.h">
      <Filter>PlayGround</Filter>
    </ClInclude>
    <ClInclude Include="SoundManager.h">
      <Filter>FrameWork\Manager</Filter>
    </ClInclude>
    <ClInclude Include="TxtData.h">
      <Filter>FrameWork\TxtData</Filter>
    </ClInclude>
    <ClInclude Include="ImageManager.h">
      <Filter>FrameWork\Manager</Filter>
    </ClInclude>
    <ClInclude Include="Database.h">
      <Filter>PlayGround\Database</Filter>
    </ClInclude>
    <ClInclude Include="D2DManager.h">
      <Filter>FrameWork\Manager</Filter>
    </ClInclude>
    <ClInclude Include="Camera.h">
      <Filter>PlayGround\Camera</Filter>
    </ClInclude>
    <ClInclude Include="Scene.h">
      <Filter>PlayGround\Scene</Filter>
    </ClInclude>
    <ClInclude Include="SingletonBase.h">
      <Filter>FrameWork</Filter>
    </ClInclude>
    <ClInclude Include="RandomFunction.h">
      <Filter>FrameWork</Filter>
    </ClInclude>
    <ClInclude Include="commonMacroFunction.h">
      <Filter>FrameWork</Filter>
    </ClInclude>
    <ClInclude Include="GameNode.h">
      <Filter>FrameWork\GameNode</Filter>
    </ClInclude>
  </ItemGroup>
  <ItemGroup>
    <ClCompile Include="stdafx.cpp">
      <Filter>소스 파일</Filter>
    </ClCompile>
    <ClCompile Include="winMain.cpp">
      <Filter>소스 파일</Filter>
    </ClCompile>
    <ClCompile Include="TimeManager.cpp">
      <Filter>FrameWork\Manager</Filter>
    </ClCompile>
    <ClCompile Include="Timer.cpp">
      <Filter>FrameWork\Timer</Filter>
    </ClCompile>
    <ClCompile Include="collision.cpp">
      <Filter>FrameWork\UTIL</Filter>
    </ClCompile>
    <ClCompile Include="utils.cpp">
      <Filter>FrameWork\UTIL</Filter>
    </ClCompile>
    <ClCompile Include="KeyManager.cpp">
      <Filter>FrameWork\Manager</Filter>
    </ClCompile>
    <ClCompile Include="SceneManager.cpp">
      <Filter>FrameWork\Manager</Filter>
    </ClCompile>
    <ClCompile Include="Image.cpp">
      <Filter>FrameWork\Image</Filter>
    </ClCompile>
    <ClCompile Include="PlayGround.cpp">
      <Filter>PlayGround</Filter>
    </ClCompile>
    <ClCompile Include="SoundManager.cpp">
      <Filter>FrameWork\Manager</Filter>
    </ClCompile>
    <ClCompile Include="TxtData.cpp">
      <Filter>FrameWork\TxtData</Filter>
    </ClCompile>
    <ClCompile Include="ImageManager.cpp">
      <Filter>FrameWork\Manager</Filter>
    </ClCompile>
    <ClCompile Include="Database.cpp">
      <Filter>PlayGround\Database</Filter>
    </ClCompile>
    <ClCompile Include="D2DManager.cpp">
      <Filter>FrameWork\Manager</Filter>
    </ClCompile>
    <ClCompile Include="Camera.cpp">
      <Filter>PlayGround\Camera</Filter>
    </ClCompile>
    <ClCompile Include="Scene.cpp">
      <Filter>PlayGround\Scene</Filter>
    </ClCompile>
    <ClCompile Include="GameNode.cpp">
      <Filter>FrameWork\GameNode</Filter>
    </ClCompile>
  </ItemGroup>
</Project>